
Microsoft Visual Studio Solution File, Format Version 12.00
# Visual Studio Version 17
VisualStudioVersion = 17.4.33213.308
MinimumVisualStudioVersion = 10.0.40219.1
Project("{FAE04EC0-301F-11D3-BF4B-00C04F79EFBC}") = "IntroduccionMVC", "IntroduccionMVC\IntroduccionMVC.csproj", "{211C1AB3-6A97-4AC7-825E-3A84160CB8EC}"
EndProject
Global
	GlobalSection(SolutionConfigurationPlatforms) = preSolution
		Debug|Any CPU = Debug|Any CPU
		Release|Any CPU = Release|Any CPU
	EndGlobalSection
	GlobalSection(ProjectConfigurationPlatforms) = postSolution
		{211C1AB3-6A97-4AC7-825E-3A84160CB8EC}.Debug|Any CPU.ActiveCfg = Debug|Any CPU
		{211C1AB3-6A97-4AC7-825E-3A84160CB8EC}.Debug|Any CPU.Build.0 = Debug|Any CPU
		{211C1AB3-6A97-4AC7-825E-3A84160CB8EC}.Release|Any CPU.ActiveCfg = Release|Any CPU
		{211C1AB3-6A97-4AC7-825E-3A84160CB8EC}.Release|Any CPU.Build.0 = Release|Any CPU
	EndGlobalSection
	GlobalSection(SolutionProperties) = preSolution
		HideSolutionNode = FALSE
	EndGlobalSection
	GlobalSection(ExtensibilityGlobals) = postSolution
		SolutionGuid = {6C925F6A-CC59-4F5B-96D2-4D41DBA82F78}
	EndGlobalSection
EndGlobal
